speakeasyVersion: 1.761.4
sources:
    Paygentic API:
        sourceNamespace: paygentic-api
        sourceRevisionDigest: sha256:cb9bb70820c912c719e53946c7ee72e28db3267a12d34fa2600ccdcd0ce4ef36
        sourceBlobDigest: sha256:84b385f4f91f3139e5f821fd0a4ce49f3c492383d39fb216072bcfcecb9d8b32
        tags:
            - latest
targets:
    typescript:
        source: Paygentic API
        sourceNamespace: paygentic-api
        sourceRevisionDigest: sha256:cb9bb70820c912c719e53946c7ee72e28db3267a12d34fa2600ccdcd0ce4ef36
        sourceBlobDigest: sha256:84b385f4f91f3139e5f821fd0a4ce49f3c492383d39fb216072bcfcecb9d8b32
        codeSamplesNamespace: paygentic-api-typescript-code-samples
        codeSamplesRevisionDigest: sha256:469a9392bfbc6e86401738e32b5a11a25745052141bbe1d1f6a9d4312a60550d
workflow:
    workflowVersion: 1.0.0
    speakeasyVersion: 1.761.4
    sources:
        Paygentic API:
            inputs:
                - location: registry.speakeasyapi.dev/paygentic/default/paygentic-api:main
            output: .speakeasy/out.openapi.yaml
    targets:
        typescript:
            target: typescript
            source: Paygentic API
            publish:
                npm:
                    token: $npm_token
            codeSamples:
                registry:
                    location: registry.speakeasyapi.dev/paygentic/default/paygentic-api-typescript-code-samples
                labelOverride:
                    fixedValue: Typescript (SDK)
                blocking: false
            testing:
                enabled: true
