speakeasyVersion: 1.761.4
sources:
    Paygentic API:
        sourceNamespace: paygentic-api
        sourceRevisionDigest: sha256:f65e5aa7f9c55296c0c8aba8d17ef11b6b685e4c0e683e96b53e793dca10e0c8
        sourceBlobDigest: sha256:3365a200164a7f68d33350532957fcee2087906ffc49a0fe7f92b928fead5976
        tags:
            - latest
targets:
    typescript:
        source: Paygentic API
        sourceNamespace: paygentic-api
        sourceRevisionDigest: sha256:f65e5aa7f9c55296c0c8aba8d17ef11b6b685e4c0e683e96b53e793dca10e0c8
        sourceBlobDigest: sha256:3365a200164a7f68d33350532957fcee2087906ffc49a0fe7f92b928fead5976
        codeSamplesNamespace: paygentic-api-typescript-code-samples
        codeSamplesRevisionDigest: sha256:7875396f7cc6f73be19395ba0d8616ef2a4a7c4683e07e7223408d85f1bfab9d
workflow:
    workflowVersion: 1.0.0
    speakeasyVersion: 1.761.4
    sources:
        Paygentic API:
            inputs:
                - location: registry.speakeasyapi.dev/paygentic/default/paygentic-api:main
            output: .speakeasy/out.openapi.yaml
    targets:
        typescript:
            target: typescript
            source: Paygentic API
            publish:
                npm:
                    token: $npm_token
            codeSamples:
                registry:
                    location: registry.speakeasyapi.dev/paygentic/default/paygentic-api-typescript-code-samples
                labelOverride:
                    fixedValue: Typescript (SDK)
                blocking: false
            testing:
                enabled: true
