speakeasyVersion: 1.761.4
sources:
    Paygentic API:
        sourceNamespace: paygentic-api
        sourceRevisionDigest: sha256:cfae750102d4c68aff8e833045c6554a6d78edd7dd4d527d3c76d8d324e9d278
        sourceBlobDigest: sha256:cec52d59f270a73816dec3b43d67e43581ad9d525666435b1deca71e31be70c0
        tags:
            - latest
targets:
    typescript:
        source: Paygentic API
        sourceNamespace: paygentic-api
        sourceRevisionDigest: sha256:cfae750102d4c68aff8e833045c6554a6d78edd7dd4d527d3c76d8d324e9d278
        sourceBlobDigest: sha256:cec52d59f270a73816dec3b43d67e43581ad9d525666435b1deca71e31be70c0
        codeSamplesNamespace: paygentic-api-typescript-code-samples
        codeSamplesRevisionDigest: sha256:7987b8bc22b26e1fd20a5bb5323364b70a7d21ca64391f325d81dc2a3ea921c8
workflow:
    workflowVersion: 1.0.0
    speakeasyVersion: 1.761.4
    sources:
        Paygentic API:
            inputs:
                - location: registry.speakeasyapi.dev/paygentic/default/paygentic-api:main
            output: .speakeasy/out.openapi.yaml
    targets:
        typescript:
            target: typescript
            source: Paygentic API
            publish:
                npm:
                    token: $npm_token
            codeSamples:
                registry:
                    location: registry.speakeasyapi.dev/paygentic/default/paygentic-api-typescript-code-samples
                labelOverride:
                    fixedValue: Typescript (SDK)
                blocking: false
            testing:
                enabled: true
